
Microsoft Visual Studio Solution File, Format Version 12.00
# Visual Studio Version 16
VisualStudioVersion = 16.0.29806.167
MinimumVisualStudioVersion = 10.0.40219.1
Project("{8BC9CEB8-8B4A-11D0-8D11-00A0C91BC942}") = "완주하지못한선수", "완주하지못한선수\완주하지못한선수.vcxproj", "{CD0CA165-C343-4416-A004-B96AC7EC0227}"
EndProject
Project("{8BC9CEB8-8B4A-11D0-8D11-00A0C91BC942}") = "k번째수", "k번째수\k번째수.vcxproj", "{4F348006-7C4C-452D-9874-7727328F4382}"
EndProject
Project("{8BC9CEB8-8B4A-11D0-8D11-00A0C91BC942}") = "2016년", "2016년\2016년.vcxproj", "{A0570114-FB91-441C-9ACA-EC997C67DE8F}"
EndProject
Project("{8BC9CEB8-8B4A-11D0-8D11-00A0C91BC942}") = "두 정수 사이의 합", "두 정수 사이의 합\두 정수 사이의 합.vcxproj", "{159D2D44-01B4-465A-9090-0004ACB1E31C}"
EndProject
Project("{8BC9CEB8-8B4A-11D0-8D11-00A0C91BC942}") = "수박수박수박수박수박수", "수박수박수박수박수박수\수박수박수박수박수박수.vcxproj", "{B43D8DA6-EFD7-4F1B-9C74-32F7436E85DF}"
EndProject
Project("{8BC9CEB8-8B4A-11D0-8D11-00A0C91BC942}") = "문자열을 정수로 바꾸기", "문자열을 정수로 바꾸기\문자열을 정수로 바꾸기.vcxproj", "{24698941-52F4-48E2-AE7F-2A3881EAF73C}"
EndProject
Project("{8BC9CEB8-8B4A-11D0-8D11-00A0C91BC942}") = "약수의 합", "약수의 합\약수의 합.vcxproj", "{7B410D98-3AA5-476D-9FC6-79A389D5B16F}"
EndProject
Project("{8BC9CEB8-8B4A-11D0-8D11-00A0C91BC942}") = "짝수와 홀수", "짝수와 홀수\짝수와 홀수.vcxproj", "{00D6360B-FDC3-4072-B855-E39114B6CF4B}"
EndProject
Project("{8BC9CEB8-8B4A-11D0-8D11-00A0C91BC942}") = "평균 구하기", "평균 구하기\평균 구하기.vcxproj", "{78934E79-7F61-4CC9-BA07-C4C46B359FA2}"
EndProject
Project("{8BC9CEB8-8B4A-11D0-8D11-00A0C91BC942}") = "모의고사", "모의고사\모의고사.vcxproj", "{53242E07-EDBD-495D-8346-F0D7E44318CE}"
EndProject
Project("{8BC9CEB8-8B4A-11D0-8D11-00A0C91BC942}") = "가운데 글자 가져오기", "가운데 글자 가져오기\가운데 글자 가져오기.vcxproj", "{39277EDF-3A09-449B-9B4D-53375E83F38A}"
EndProject
Project("{8BC9CEB8-8B4A-11D0-8D11-00A0C91BC942}") = "서울에서 김서방 찾기", "서울에서 김서방 찾기\서울에서 김서방 찾기.vcxproj", "{6B10F860-69A2-4B16-A825-CC50BF9C2C5E}"
EndProject
Project("{2150E333-8FDC-42A3-9474-1A3956D46DE8}") = "level1", "level1", "{9CFF1DC4-5CC0-4718-93DA-59FF89491842}"
EndProject
Project("{2150E333-8FDC-42A3-9474-1A3956D46DE8}") = "level2", "level2", "{12C939AC-07A7-4297-BBB5-046D671E9E2A}"
EndProject
Project("{8BC9CEB8-8B4A-11D0-8D11-00A0C91BC942}") = "가장 큰 수", "가장 큰 수\가장 큰 수.vcxproj", "{A8769E2A-D559-43E2-9702-1801324A053F}"
EndProject
Project("{8BC9CEB8-8B4A-11D0-8D11-00A0C91BC942}") = "H-Index", "H-Index\H-Index.vcxproj", "{3AE96A76-E70C-4ECD-9FAD-E14CDF27B776}"
EndProject
Project("{2150E333-8FDC-42A3-9474-1A3956D46DE8}") = "level3", "level3", "{06F866F0-DF56-4FFB-B83B-A509D7AE014A}"
EndProject
Project("{8BC9CEB8-8B4A-11D0-8D11-00A0C91BC942}") = "타일 장식물", "타일 장식물\타일 장식물.vcxproj", "{A7BDC6F8-24BE-4858-8A1E-7A9C2CB55334}"
EndProject
Project("{8BC9CEB8-8B4A-11D0-8D11-00A0C91BC942}") = "문자열 내 마음대로 정렬하기", "문자열 내 마음대로 정렬하기\문자열 내 마음대로 정렬하기.vcxproj", "{219F1D23-DE0B-446F-9F02-BE7D92555C57}"
EndProject
Project("{8BC9CEB8-8B4A-11D0-8D11-00A0C91BC942}") = "정수 삼각형 todo", "정수 삼각형\정수 삼각형.vcxproj", "{3407B77B-8671-49B0-A3D6-C6F673A381CC}"
EndProject
Project("{8BC9CEB8-8B4A-11D0-8D11-00A0C91BC942}") = "체육복", "체육복\체육복.vcxproj", "{8B0AAC78-14B5-4C89-A270-EFE0ECE41F37}"
EndProject
Project("{8BC9CEB8-8B4A-11D0-8D11-00A0C91BC942}") = "문자열 내 p와 y의 개수", "문자열 내 p와 y의 개수\문자열 내 p와 y의 개수.vcxproj", "{315C8927-0137-4B65-9495-E44362CA879F}"
EndProject
Project("{8BC9CEB8-8B4A-11D0-8D11-00A0C91BC942}") = "전화번호 목록", "전화번호 목록\전화번호 목록.vcxproj", "{E25FBAB7-0013-4A59-A518-774951C20408}"
EndProject
Project("{8BC9CEB8-8B4A-11D0-8D11-00A0C91BC942}") = "같은 숫자는 싫어", "같은 숫자는 싫어\같은 숫자는 싫어.vcxproj", "{F7BA9E31-01D9-49AE-BD1C-1F084724A9BC}"
EndProject
Project("{8BC9CEB8-8B4A-11D0-8D11-00A0C91BC942}") = "나누어 떨어지는 숫자 배열", "나누어 떨어지는 숫자 배열\나누어 떨어지는 숫자 배열.vcxproj", "{FA84FDAA-A0CB-4A74-9374-E4D5E1F6FC03}"
EndProject
Project("{8BC9CEB8-8B4A-11D0-8D11-00A0C91BC942}") = "문자열_내림차순으로_배치하기", "문자열_내림차순으로_배치하기\문자열_내림차순으로_배치하기.vcxproj", "{2DE84D9C-01D2-4309-9E46-ACD9A9A80549}"
EndProject
Global
	GlobalSection(SolutionConfigurationPlatforms) = preSolution
		Debug|x64 = Debug|x64
		Debug|x86 = Debug|x86
		Release|x64 = Release|x64
		Release|x86 = Release|x86
	EndGlobalSection
	GlobalSection(ProjectConfigurationPlatforms) = postSolution
		{CD0CA165-C343-4416-A004-B96AC7EC0227}.Debug|x64.ActiveCfg = Debug|x64
		{CD0CA165-C343-4416-A004-B96AC7EC0227}.Debug|x64.Build.0 = Debug|x64
		{CD0CA165-C343-4416-A004-B96AC7EC0227}.Debug|x86.ActiveCfg = Debug|Win32
		{CD0CA165-C343-4416-A004-B96AC7EC0227}.Debug|x86.Build.0 = Debug|Win32
		{CD0CA165-C343-4416-A004-B96AC7EC0227}.Release|x64.ActiveCfg = Release|x64
		{CD0CA165-C343-4416-A004-B96AC7EC0227}.Release|x64.Build.0 = Release|x64
		{CD0CA165-C343-4416-A004-B96AC7EC0227}.Release|x86.ActiveCfg = Release|Win32
		{CD0CA165-C343-4416-A004-B96AC7EC0227}.Release|x86.Build.0 = Release|Win32
		{4F348006-7C4C-452D-9874-7727328F4382}.Debug|x64.ActiveCfg = Debug|x64
		{4F348006-7C4C-452D-9874-7727328F4382}.Debug|x64.Build.0 = Debug|x64
		{4F348006-7C4C-452D-9874-7727328F4382}.Debug|x86.ActiveCfg = Debug|Win32
		{4F348006-7C4C-452D-9874-7727328F4382}.Debug|x86.Build.0 = Debug|Win32
		{4F348006-7C4C-452D-9874-7727328F4382}.Release|x64.ActiveCfg = Release|x64
		{4F348006-7C4C-452D-9874-7727328F4382}.Release|x64.Build.0 = Release|x64
		{4F348006-7C4C-452D-9874-7727328F4382}.Release|x86.ActiveCfg = Release|Win32
		{4F348006-7C4C-452D-9874-7727328F4382}.Release|x86.Build.0 = Release|Win32
		{A0570114-FB91-441C-9ACA-EC997C67DE8F}.Debug|x64.ActiveCfg = Debug|x64
		{A0570114-FB91-441C-9ACA-EC997C67DE8F}.Debug|x64.Build.0 = Debug|x64
		{A0570114-FB91-441C-9ACA-EC997C67DE8F}.Debug|x86.ActiveCfg = Debug|Win32
		{A0570114-FB91-441C-9ACA-EC997C67DE8F}.Debug|x86.Build.0 = Debug|Win32
		{A0570114-FB91-441C-9ACA-EC997C67DE8F}.Release|x64.ActiveCfg = Release|x64
		{A0570114-FB91-441C-9ACA-EC997C67DE8F}.Release|x64.Build.0 = Release|x64
		{A0570114-FB91-441C-9ACA-EC997C67DE8F}.Release|x86.ActiveCfg = Release|Win32
		{A0570114-FB91-441C-9ACA-EC997C67DE8F}.Release|x86.Build.0 = Release|Win32
		{159D2D44-01B4-465A-9090-0004ACB1E31C}.Debug|x64.ActiveCfg = Debug|x64
		{159D2D44-01B4-465A-9090-0004ACB1E31C}.Debug|x64.Build.0 = Debug|x64
		{159D2D44-01B4-465A-9090-0004ACB1E31C}.Debug|x86.ActiveCfg = Debug|Win32
		{159D2D44-01B4-465A-9090-0004ACB1E31C}.Debug|x86.Build.0 = Debug|Win32
		{159D2D44-01B4-465A-9090-0004ACB1E31C}.Release|x64.ActiveCfg = Release|x64
		{159D2D44-01B4-465A-9090-0004ACB1E31C}.Release|x64.Build.0 = Release|x64
		{159D2D44-01B4-465A-9090-0004ACB1E31C}.Release|x86.ActiveCfg = Release|Win32
		{159D2D44-01B4-465A-9090-0004ACB1E31C}.Release|x86.Build.0 = Release|Win32
		{B43D8DA6-EFD7-4F1B-9C74-32F7436E85DF}.Debug|x64.ActiveCfg = Debug|x64
		{B43D8DA6-EFD7-4F1B-9C74-32F7436E85DF}.Debug|x64.Build.0 = Debug|x64
		{B43D8DA6-EFD7-4F1B-9C74-32F7436E85DF}.Debug|x86.ActiveCfg = Debug|Win32
		{B43D8DA6-EFD7-4F1B-9C74-32F7436E85DF}.Debug|x86.Build.0 = Debug|Win32
		{B43D8DA6-EFD7-4F1B-9C74-32F7436E85DF}.Release|x64.ActiveCfg = Release|x64
		{B43D8DA6-EFD7-4F1B-9C74-32F7436E85DF}.Release|x64.Build.0 = Release|x64
		{B43D8DA6-EFD7-4F1B-9C74-32F7436E85DF}.Release|x86.ActiveCfg = Release|Win32
		{B43D8DA6-EFD7-4F1B-9C74-32F7436E85DF}.Release|x86.Build.0 = Release|Win32
		{24698941-52F4-48E2-AE7F-2A3881EAF73C}.Debug|x64.ActiveCfg = Debug|x64
		{24698941-52F4-48E2-AE7F-2A3881EAF73C}.Debug|x64.Build.0 = Debug|x64
		{24698941-52F4-48E2-AE7F-2A3881EAF73C}.Debug|x86.ActiveCfg = Debug|Win32
		{24698941-52F4-48E2-AE7F-2A3881EAF73C}.Debug|x86.Build.0 = Debug|Win32
		{24698941-52F4-48E2-AE7F-2A3881EAF73C}.Release|x64.ActiveCfg = Release|x64
		{24698941-52F4-48E2-AE7F-2A3881EAF73C}.Release|x64.Build.0 = Release|x64
		{24698941-52F4-48E2-AE7F-2A3881EAF73C}.Release|x86.ActiveCfg = Release|Win32
		{24698941-52F4-48E2-AE7F-2A3881EAF73C}.Release|x86.Build.0 = Release|Win32
		{7B410D98-3AA5-476D-9FC6-79A389D5B16F}.Debug|x64.ActiveCfg = Debug|x64
		{7B410D98-3AA5-476D-9FC6-79A389D5B16F}.Debug|x64.Build.0 = Debug|x64
		{7B410D98-3AA5-476D-9FC6-79A389D5B16F}.Debug|x86.ActiveCfg = Debug|Win32
		{7B410D98-3AA5-476D-9FC6-79A389D5B16F}.Debug|x86.Build.0 = Debug|Win32
		{7B410D98-3AA5-476D-9FC6-79A389D5B16F}.Release|x64.ActiveCfg = Release|x64
		{7B410D98-3AA5-476D-9FC6-79A389D5B16F}.Release|x64.Build.0 = Release|x64
		{7B410D98-3AA5-476D-9FC6-79A389D5B16F}.Release|x86.ActiveCfg = Release|Win32
		{7B410D98-3AA5-476D-9FC6-79A389D5B16F}.Release|x86.Build.0 = Release|Win32
		{00D6360B-FDC3-4072-B855-E39114B6CF4B}.Debug|x64.ActiveCfg = Debug|x64
		{00D6360B-FDC3-4072-B855-E39114B6CF4B}.Debug|x64.Build.0 = Debug|x64
		{00D6360B-FDC3-4072-B855-E39114B6CF4B}.Debug|x86.ActiveCfg = Debug|Win32
		{00D6360B-FDC3-4072-B855-E39114B6CF4B}.Debug|x86.Build.0 = Debug|Win32
		{00D6360B-FDC3-4072-B855-E39114B6CF4B}.Release|x64.ActiveCfg = Release|x64
		{00D6360B-FDC3-4072-B855-E39114B6CF4B}.Release|x64.Build.0 = Release|x64
		{00D6360B-FDC3-4072-B855-E39114B6CF4B}.Release|x86.ActiveCfg = Release|Win32
		{00D6360B-FDC3-4072-B855-E39114B6CF4B}.Release|x86.Build.0 = Release|Win32
		{78934E79-7F61-4CC9-BA07-C4C46B359FA2}.Debug|x64.ActiveCfg = Debug|x64
		{78934E79-7F61-4CC9-BA07-C4C46B359FA2}.Debug|x64.Build.0 = Debug|x64
		{78934E79-7F61-4CC9-BA07-C4C46B359FA2}.Debug|x86.ActiveCfg = Debug|Win32
		{78934E79-7F61-4CC9-BA07-C4C46B359FA2}.Debug|x86.Build.0 = Debug|Win32
		{78934E79-7F61-4CC9-BA07-C4C46B359FA2}.Release|x64.ActiveCfg = Release|x64
		{78934E79-7F61-4CC9-BA07-C4C46B359FA2}.Release|x64.Build.0 = Release|x64
		{78934E79-7F61-4CC9-BA07-C4C46B359FA2}.Release|x86.ActiveCfg = Release|Win32
		{78934E79-7F61-4CC9-BA07-C4C46B359FA2}.Release|x86.Build.0 = Release|Win32
		{53242E07-EDBD-495D-8346-F0D7E44318CE}.Debug|x64.ActiveCfg = Debug|x64
		{53242E07-EDBD-495D-8346-F0D7E44318CE}.Debug|x64.Build.0 = Debug|x64
		{53242E07-EDBD-495D-8346-F0D7E44318CE}.Debug|x86.ActiveCfg = Debug|Win32
		{53242E07-EDBD-495D-8346-F0D7E44318CE}.Debug|x86.Build.0 = Debug|Win32
		{53242E07-EDBD-495D-8346-F0D7E44318CE}.Release|x64.ActiveCfg = Release|x64
		{53242E07-EDBD-495D-8346-F0D7E44318CE}.Release|x64.Build.0 = Release|x64
		{53242E07-EDBD-495D-8346-F0D7E44318CE}.Release|x86.ActiveCfg = Release|Win32
		{53242E07-EDBD-495D-8346-F0D7E44318CE}.Release|x86.Build.0 = Release|Win32
		{39277EDF-3A09-449B-9B4D-53375E83F38A}.Debug|x64.ActiveCfg = Debug|x64
		{39277EDF-3A09-449B-9B4D-53375E83F38A}.Debug|x64.Build.0 = Debug|x64
		{39277EDF-3A09-449B-9B4D-53375E83F38A}.Debug|x86.ActiveCfg = Debug|Win32
		{39277EDF-3A09-449B-9B4D-53375E83F38A}.Debug|x86.Build.0 = Debug|Win32
		{39277EDF-3A09-449B-9B4D-53375E83F38A}.Release|x64.ActiveCfg = Release|x64
		{39277EDF-3A09-449B-9B4D-53375E83F38A}.Release|x64.Build.0 = Release|x64
		{39277EDF-3A09-449B-9B4D-53375E83F38A}.Release|x86.ActiveCfg = Release|Win32
		{39277EDF-3A09-449B-9B4D-53375E83F38A}.Release|x86.Build.0 = Release|Win32
		{6B10F860-69A2-4B16-A825-CC50BF9C2C5E}.Debug|x64.ActiveCfg = Debug|x64
		{6B10F860-69A2-4B16-A825-CC50BF9C2C5E}.Debug|x64.Build.0 = Debug|x64
		{6B10F860-69A2-4B16-A825-CC50BF9C2C5E}.Debug|x86.ActiveCfg = Debug|Win32
		{6B10F860-69A2-4B16-A825-CC50BF9C2C5E}.Debug|x86.Build.0 = Debug|Win32
		{6B10F860-69A2-4B16-A825-CC50BF9C2C5E}.Release|x64.ActiveCfg = Release|x64
		{6B10F860-69A2-4B16-A825-CC50BF9C2C5E}.Release|x64.Build.0 = Release|x64
		{6B10F860-69A2-4B16-A825-CC50BF9C2C5E}.Release|x86.ActiveCfg = Release|Win32
		{6B10F860-69A2-4B16-A825-CC50BF9C2C5E}.Release|x86.Build.0 = Release|Win32
		{A8769E2A-D559-43E2-9702-1801324A053F}.Debug|x64.ActiveCfg = Debug|x64
		{A8769E2A-D559-43E2-9702-1801324A053F}.Debug|x64.Build.0 = Debug|x64
		{A8769E2A-D559-43E2-9702-1801324A053F}.Debug|x86.ActiveCfg = Debug|Win32
		{A8769E2A-D559-43E2-9702-1801324A053F}.Debug|x86.Build.0 = Debug|Win32
		{A8769E2A-D559-43E2-9702-1801324A053F}.Release|x64.ActiveCfg = Release|x64
		{A8769E2A-D559-43E2-9702-1801324A053F}.Release|x64.Build.0 = Release|x64
		{A8769E2A-D559-43E2-9702-1801324A053F}.Release|x86.ActiveCfg = Release|Win32
		{A8769E2A-D559-43E2-9702-1801324A053F}.Release|x86.Build.0 = Release|Win32
		{3AE96A76-E70C-4ECD-9FAD-E14CDF27B776}.Debug|x64.ActiveCfg = Debug|x64
		{3AE96A76-E70C-4ECD-9FAD-E14CDF27B776}.Debug|x64.Build.0 = Debug|x64
		{3AE96A76-E70C-4ECD-9FAD-E14CDF27B776}.Debug|x86.ActiveCfg = Debug|Win32
		{3AE96A76-E70C-4ECD-9FAD-E14CDF27B776}.Debug|x86.Build.0 = Debug|Win32
		{3AE96A76-E70C-4ECD-9FAD-E14CDF27B776}.Release|x64.ActiveCfg = Release|x64
		{3AE96A76-E70C-4ECD-9FAD-E14CDF27B776}.Release|x64.Build.0 = Release|x64
		{3AE96A76-E70C-4ECD-9FAD-E14CDF27B776}.Release|x86.ActiveCfg = Release|Win32
		{3AE96A76-E70C-4ECD-9FAD-E14CDF27B776}.Release|x86.Build.0 = Release|Win32
		{A7BDC6F8-24BE-4858-8A1E-7A9C2CB55334}.Debug|x64.ActiveCfg = Debug|x64
		{A7BDC6F8-24BE-4858-8A1E-7A9C2CB55334}.Debug|x64.Build.0 = Debug|x64
		{A7BDC6F8-24BE-4858-8A1E-7A9C2CB55334}.Debug|x86.ActiveCfg = Debug|Win32
		{A7BDC6F8-24BE-4858-8A1E-7A9C2CB55334}.Debug|x86.Build.0 = Debug|Win32
		{A7BDC6F8-24BE-4858-8A1E-7A9C2CB55334}.Release|x64.ActiveCfg = Release|x64
		{A7BDC6F8-24BE-4858-8A1E-7A9C2CB55334}.Release|x64.Build.0 = Release|x64
		{A7BDC6F8-24BE-4858-8A1E-7A9C2CB55334}.Release|x86.ActiveCfg = Release|Win32
		{A7BDC6F8-24BE-4858-8A1E-7A9C2CB55334}.Release|x86.Build.0 = Release|Win32
		{219F1D23-DE0B-446F-9F02-BE7D92555C57}.Debug|x64.ActiveCfg = Debug|x64
		{219F1D23-DE0B-446F-9F02-BE7D92555C57}.Debug|x64.Build.0 = Debug|x64
		{219F1D23-DE0B-446F-9F02-BE7D92555C57}.Debug|x86.ActiveCfg = Debug|Win32
		{219F1D23-DE0B-446F-9F02-BE7D92555C57}.Debug|x86.Build.0 = Debug|Win32
		{219F1D23-DE0B-446F-9F02-BE7D92555C57}.Release|x64.ActiveCfg = Release|x64
		{219F1D23-DE0B-446F-9F02-BE7D92555C57}.Release|x64.Build.0 = Release|x64
		{219F1D23-DE0B-446F-9F02-BE7D92555C57}.Release|x86.ActiveCfg = Release|Win32
		{219F1D23-DE0B-446F-9F02-BE7D92555C57}.Release|x86.Build.0 = Release|Win32
		{3407B77B-8671-49B0-A3D6-C6F673A381CC}.Debug|x64.ActiveCfg = Debug|x64
		{3407B77B-8671-49B0-A3D6-C6F673A381CC}.Debug|x64.Build.0 = Debug|x64
		{3407B77B-8671-49B0-A3D6-C6F673A381CC}.Debug|x86.ActiveCfg = Debug|Win32
		{3407B77B-8671-49B0-A3D6-C6F673A381CC}.Debug|x86.Build.0 = Debug|Win32
		{3407B77B-8671-49B0-A3D6-C6F673A381CC}.Release|x64.ActiveCfg = Release|x64
		{3407B77B-8671-49B0-A3D6-C6F673A381CC}.Release|x64.Build.0 = Release|x64
		{3407B77B-8671-49B0-A3D6-C6F673A381CC}.Release|x86.ActiveCfg = Release|Win32
		{3407B77B-8671-49B0-A3D6-C6F673A381CC}.Release|x86.Build.0 = Release|Win32
		{8B0AAC78-14B5-4C89-A270-EFE0ECE41F37}.Debug|x64.ActiveCfg = Debug|x64
		{8B0AAC78-14B5-4C89-A270-EFE0ECE41F37}.Debug|x64.Build.0 = Debug|x64
		{8B0AAC78-14B5-4C89-A270-EFE0ECE41F37}.Debug|x86.ActiveCfg = Debug|Win32
		{8B0AAC78-14B5-4C89-A270-EFE0ECE41F37}.Debug|x86.Build.0 = Debug|Win32
		{8B0AAC78-14B5-4C89-A270-EFE0ECE41F37}.Release|x64.ActiveCfg = Release|x64
		{8B0AAC78-14B5-4C89-A270-EFE0ECE41F37}.Release|x64.Build.0 = Release|x64
		{8B0AAC78-14B5-4C89-A270-EFE0ECE41F37}.Release|x86.ActiveCfg = Release|Win32
		{8B0AAC78-14B5-4C89-A270-EFE0ECE41F37}.Release|x86.Build.0 = Release|Win32
		{315C8927-0137-4B65-9495-E44362CA879F}.Debug|x64.ActiveCfg = Debug|x64
		{315C8927-0137-4B65-9495-E44362CA879F}.Debug|x64.Build.0 = Debug|x64
		{315C8927-0137-4B65-9495-E44362CA879F}.Debug|x86.ActiveCfg = Debug|Win32
		{315C8927-0137-4B65-9495-E44362CA879F}.Debug|x86.Build.0 = Debug|Win32
		{315C8927-0137-4B65-9495-E44362CA879F}.Release|x64.ActiveCfg = Release|x64
		{315C8927-0137-4B65-9495-E44362CA879F}.Release|x64.Build.0 = Release|x64
		{315C8927-0137-4B65-9495-E44362CA879F}.Release|x86.ActiveCfg = Release|Win32
		{315C8927-0137-4B65-9495-E44362CA879F}.Release|x86.Build.0 = Release|Win32
		{E25FBAB7-0013-4A59-A518-774951C20408}.Debug|x64.ActiveCfg = Debug|x64
		{E25FBAB7-0013-4A59-A518-774951C20408}.Debug|x64.Build.0 = Debug|x64
		{E25FBAB7-0013-4A59-A518-774951C20408}.Debug|x86.ActiveCfg = Debug|Win32
		{E25FBAB7-0013-4A59-A518-774951C20408}.Debug|x86.Build.0 = Debug|Win32
		{E25FBAB7-0013-4A59-A518-774951C20408}.Release|x64.ActiveCfg = Release|x64
		{E25FBAB7-0013-4A59-A518-774951C20408}.Release|x64.Build.0 = Release|x64
		{E25FBAB7-0013-4A59-A518-774951C20408}.Release|x86.ActiveCfg = Release|Win32
		{E25FBAB7-0013-4A59-A518-774951C20408}.Release|x86.Build.0 = Release|Win32
		{F7BA9E31-01D9-49AE-BD1C-1F084724A9BC}.Debug|x64.ActiveCfg = Debug|x64
		{F7BA9E31-01D9-49AE-BD1C-1F084724A9BC}.Debug|x64.Build.0 = Debug|x64
		{F7BA9E31-01D9-49AE-BD1C-1F084724A9BC}.Debug|x86.ActiveCfg = Debug|Win32
		{F7BA9E31-01D9-49AE-BD1C-1F084724A9BC}.Debug|x86.Build.0 = Debug|Win32
		{F7BA9E31-01D9-49AE-BD1C-1F084724A9BC}.Release|x64.ActiveCfg = Release|x64
		{F7BA9E31-01D9-49AE-BD1C-1F084724A9BC}.Release|x64.Build.0 = Release|x64
		{F7BA9E31-01D9-49AE-BD1C-1F084724A9BC}.Release|x86.ActiveCfg = Release|Win32
		{F7BA9E31-01D9-49AE-BD1C-1F084724A9BC}.Release|x86.Build.0 = Release|Win32
		{FA84FDAA-A0CB-4A74-9374-E4D5E1F6FC03}.Debug|x64.ActiveCfg = Debug|x64
		{FA84FDAA-A0CB-4A74-9374-E4D5E1F6FC03}.Debug|x64.Build.0 = Debug|x64
		{FA84FDAA-A0CB-4A74-9374-E4D5E1F6FC03}.Debug|x86.ActiveCfg = Debug|Win32
		{FA84FDAA-A0CB-4A74-9374-E4D5E1F6FC03}.Debug|x86.Build.0 = Debug|Win32
		{FA84FDAA-A0CB-4A74-9374-E4D5E1F6FC03}.Release|x64.ActiveCfg = Release|x64
		{FA84FDAA-A0CB-4A74-9374-E4D5E1F6FC03}.Release|x64.Build.0 = Release|x64
		{FA84FDAA-A0CB-4A74-9374-E4D5E1F6FC03}.Release|x86.ActiveCfg = Release|Win32
		{FA84FDAA-A0CB-4A74-9374-E4D5E1F6FC03}.Release|x86.Build.0 = Release|Win32
		{2DE84D9C-01D2-4309-9E46-ACD9A9A80549}.Debug|x64.ActiveCfg = Debug|x64
		{2DE84D9C-01D2-4309-9E46-ACD9A9A80549}.Debug|x64.Build.0 = Debug|x64
		{2DE84D9C-01D2-4309-9E46-ACD9A9A80549}.Debug|x86.ActiveCfg = Debug|Win32
		{2DE84D9C-01D2-4309-9E46-ACD9A9A80549}.Debug|x86.Build.0 = Debug|Win32
		{2DE84D9C-01D2-4309-9E46-ACD9A9A80549}.Release|x64.ActiveCfg = Release|x64
		{2DE84D9C-01D2-4309-9E46-ACD9A9A80549}.Release|x64.Build.0 = Release|x64
		{2DE84D9C-01D2-4309-9E46-ACD9A9A80549}.Release|x86.ActiveCfg = Release|Win32
		{2DE84D9C-01D2-4309-9E46-ACD9A9A80549}.Release|x86.Build.0 = Release|Win32
	EndGlobalSection
	GlobalSection(SolutionProperties) = preSolution
		HideSolutionNode = FALSE
	EndGlobalSection
	GlobalSection(NestedProjects) = preSolution
		{CD0CA165-C343-4416-A004-B96AC7EC0227} = {9CFF1DC4-5CC0-4718-93DA-59FF89491842}
		{4F348006-7C4C-452D-9874-7727328F4382} = {9CFF1DC4-5CC0-4718-93DA-59FF89491842}
		{A0570114-FB91-441C-9ACA-EC997C67DE8F} = {9CFF1DC4-5CC0-4718-93DA-59FF89491842}
		{159D2D44-01B4-465A-9090-0004ACB1E31C} = {9CFF1DC4-5CC0-4718-93DA-59FF89491842}
		{B43D8DA6-EFD7-4F1B-9C74-32F7436E85DF} = {9CFF1DC4-5CC0-4718-93DA-59FF89491842}
		{24698941-52F4-48E2-AE7F-2A3881EAF73C} = {9CFF1DC4-5CC0-4718-93DA-59FF89491842}
		{7B410D98-3AA5-476D-9FC6-79A389D5B16F} = {9CFF1DC4-5CC0-4718-93DA-59FF89491842}
		{00D6360B-FDC3-4072-B855-E39114B6CF4B} = {9CFF1DC4-5CC0-4718-93DA-59FF89491842}
		{78934E79-7F61-4CC9-BA07-C4C46B359FA2} = {9CFF1DC4-5CC0-4718-93DA-59FF89491842}
		{53242E07-EDBD-495D-8346-F0D7E44318CE} = {9CFF1DC4-5CC0-4718-93DA-59FF89491842}
		{39277EDF-3A09-449B-9B4D-53375E83F38A} = {9CFF1DC4-5CC0-4718-93DA-59FF89491842}
		{6B10F860-69A2-4B16-A825-CC50BF9C2C5E} = {9CFF1DC4-5CC0-4718-93DA-59FF89491842}
		{A8769E2A-D559-43E2-9702-1801324A053F} = {12C939AC-07A7-4297-BBB5-046D671E9E2A}
		{3AE96A76-E70C-4ECD-9FAD-E14CDF27B776} = {12C939AC-07A7-4297-BBB5-046D671E9E2A}
		{A7BDC6F8-24BE-4858-8A1E-7A9C2CB55334} = {06F866F0-DF56-4FFB-B83B-A509D7AE014A}
		{219F1D23-DE0B-446F-9F02-BE7D92555C57} = {9CFF1DC4-5CC0-4718-93DA-59FF89491842}
		{3407B77B-8671-49B0-A3D6-C6F673A381CC} = {06F866F0-DF56-4FFB-B83B-A509D7AE014A}
		{8B0AAC78-14B5-4C89-A270-EFE0ECE41F37} = {9CFF1DC4-5CC0-4718-93DA-59FF89491842}
		{315C8927-0137-4B65-9495-E44362CA879F} = {9CFF1DC4-5CC0-4718-93DA-59FF89491842}
		{E25FBAB7-0013-4A59-A518-774951C20408} = {12C939AC-07A7-4297-BBB5-046D671E9E2A}
		{F7BA9E31-01D9-49AE-BD1C-1F084724A9BC} = {9CFF1DC4-5CC0-4718-93DA-59FF89491842}
		{FA84FDAA-A0CB-4A74-9374-E4D5E1F6FC03} = {9CFF1DC4-5CC0-4718-93DA-59FF89491842}
		{2DE84D9C-01D2-4309-9E46-ACD9A9A80549} = {9CFF1DC4-5CC0-4718-93DA-59FF89491842}
	EndGlobalSection
	GlobalSection(ExtensibilityGlobals) = postSolution
		SolutionGuid = {CA74021E-CF00-4814-A39A-44A920BAA9CB}
	EndGlobalSection
EndGlobal
