
Microsoft Visual Studio Solution File, Format Version 12.00
# Visual Studio Version 16
VisualStudioVersion = 16.0.29806.167
MinimumVisualStudioVersion = 10.0.40219.1
Project("{8BC9CEB8-8B4A-11D0-8D11-00A0C91BC942}") = "완주하지못한선수", "완주하지못한선수\완주하지못한선수.vcxproj", "{CD0CA165-C343-4416-A004-B96AC7EC0227}"
EndProject
Project("{8BC9CEB8-8B4A-11D0-8D11-00A0C91BC942}") = "k번째수", "k번째수\k번째수.vcxproj", "{4F348006-7C4C-452D-9874-7727328F4382}"
EndProject
Project("{8BC9CEB8-8B4A-11D0-8D11-00A0C91BC942}") = "2016년", "2016년\2016년.vcxproj", "{A0570114-FB91-441C-9ACA-EC997C67DE8F}"
EndProject
Project("{8BC9CEB8-8B4A-11D0-8D11-00A0C91BC942}") = "수박수박수박수박수박수", "수박수박수박수박수박수\수박수박수박수박수박수.vcxproj", "{B43D8DA6-EFD7-4F1B-9C74-32F7436E85DF}"
EndProject
Project("{8BC9CEB8-8B4A-11D0-8D11-00A0C91BC942}") = "모의고사", "모의고사\모의고사.vcxproj", "{53242E07-EDBD-495D-8346-F0D7E44318CE}"
EndProject
Project("{2150E333-8FDC-42A3-9474-1A3956D46DE8}") = "level1", "level1", "{9CFF1DC4-5CC0-4718-93DA-59FF89491842}"
EndProject
Project("{2150E333-8FDC-42A3-9474-1A3956D46DE8}") = "level2", "level2", "{12C939AC-07A7-4297-BBB5-046D671E9E2A}"
EndProject
Project("{8BC9CEB8-8B4A-11D0-8D11-00A0C91BC942}") = "H-Index", "H-Index\H-Index.vcxproj", "{3AE96A76-E70C-4ECD-9FAD-E14CDF27B776}"
EndProject
Project("{2150E333-8FDC-42A3-9474-1A3956D46DE8}") = "level3", "level3", "{06F866F0-DF56-4FFB-B83B-A509D7AE014A}"
EndProject
Project("{8BC9CEB8-8B4A-11D0-8D11-00A0C91BC942}") = "체육복", "체육복\체육복.vcxproj", "{8B0AAC78-14B5-4C89-A270-EFE0ECE41F37}"
EndProject
Project("{8BC9CEB8-8B4A-11D0-8D11-00A0C91BC942}") = "문자열_내림차순으로_배치하기", "문자열_내림차순으로_배치하기\문자열_내림차순으로_배치하기.vcxproj", "{2DE84D9C-01D2-4309-9E46-ACD9A9A80549}"
EndProject
Project("{8BC9CEB8-8B4A-11D0-8D11-00A0C91BC942}") = "가운데_글자_가져오기", "가운데_글자_가져오기\가운데_글자_가져오기.vcxproj", "{24D9ECBC-49AC-421F-8470-7786E781B088}"
EndProject
Project("{8BC9CEB8-8B4A-11D0-8D11-00A0C91BC942}") = "같은_숫자는_싫어", "같은_숫자는_싫어\같은_숫자는_싫어.vcxproj", "{4EF546F3-6945-422D-B13C-8C0A799B9C66}"
EndProject
Project("{8BC9CEB8-8B4A-11D0-8D11-00A0C91BC942}") = "가장_큰_수", "가장_큰_수\가장_큰_수.vcxproj", "{ED09252F-D187-4C9D-8C36-D3904E6FEA0D}"
EndProject
Project("{8BC9CEB8-8B4A-11D0-8D11-00A0C91BC942}") = "나누어_떨어지는_숫자_배열", "나누어_떨어지는_숫자_배열\나누어_떨어지는_숫자_배열.vcxproj", "{1839DB88-E25A-4C43-9C28-6E7F54F0AB7D}"
EndProject
Project("{8BC9CEB8-8B4A-11D0-8D11-00A0C91BC942}") = "두_정수_사이의_합", "두_정수_사이의_합\두_정수_사이의_합.vcxproj", "{B3D76221-7A3F-4145-9E3B-618C596A8444}"
EndProject
Project("{8BC9CEB8-8B4A-11D0-8D11-00A0C91BC942}") = "문자열_내_p와_y의_개수", "문자열_내_p와_y의_개수\문자열_내_p와_y의_개수.vcxproj", "{39E59E30-932B-4BD6-B4CC-D05AA2A175D7}"
EndProject
Project("{8BC9CEB8-8B4A-11D0-8D11-00A0C91BC942}") = "문자열을_정수로_바꾸기", "문자열을_정수로_바꾸기\문자열을_정수로_바꾸기.vcxproj", "{86856D3B-885B-4001-8D07-99120D63DDFD}"
EndProject
Project("{8BC9CEB8-8B4A-11D0-8D11-00A0C91BC942}") = "서울에서_김서방_찾기", "서울에서_김서방_찾기\서울에서_김서방_찾기.vcxproj", "{4847CCB5-488A-460E-88B1-0E97C590B7E6}"
EndProject
Project("{8BC9CEB8-8B4A-11D0-8D11-00A0C91BC942}") = "약수의_합", "약수의_합\약수의_합.vcxproj", "{B6445F12-ED79-42BC-9689-F4861DBF764F}"
EndProject
Project("{8BC9CEB8-8B4A-11D0-8D11-00A0C91BC942}") = "짝수와_홀수", "짝수와_홀수\짝수와_홀수.vcxproj", "{62DAF7BE-B09E-4EC0-BC02-D80E95A1A77D}"
EndProject
Project("{8BC9CEB8-8B4A-11D0-8D11-00A0C91BC942}") = "평균_구하기", "평균_구하기\평균_구하기.vcxproj", "{6E2FF84C-6CE9-4BBB-B82B-D5AE7BE6EEBD}"
EndProject
Project("{8BC9CEB8-8B4A-11D0-8D11-00A0C91BC942}") = "전화번호_목록", "전화번호_목록\전화번호_목록.vcxproj", "{2C0319FB-C854-49A3-B2FC-00CADB534E19}"
EndProject
Project("{8BC9CEB8-8B4A-11D0-8D11-00A0C91BC942}") = "타일_장식물", "타일_장식물\타일_장식물.vcxproj", "{E47D7D23-8EDF-438D-B2D0-67B37697FF85}"
EndProject
Project("{8BC9CEB8-8B4A-11D0-8D11-00A0C91BC942}") = "문자열_내_마음대로_정렬하기", "문자열_내_마음대로_정렬하기\문자열_내_마음대로_정렬하기.vcxproj", "{993DBD34-31DB-47B2-87E6-8BC915A465B8}"
EndProject
Project("{8BC9CEB8-8B4A-11D0-8D11-00A0C91BC942}") = "탑", "탑\탑.vcxproj", "{963D1F5E-66B5-4035-93FB-D30F07E67BAD}"
EndProject
Project("{8BC9CEB8-8B4A-11D0-8D11-00A0C91BC942}") = "위장", "위장\위장.vcxproj", "{536AD410-9AB2-437A-AE44-AEF754535740}"
EndProject
Project("{8BC9CEB8-8B4A-11D0-8D11-00A0C91BC942}") = "기능개발", "기능개발\기능개발.vcxproj", "{B17ADA22-517B-47DD-9491-42C27184A59A}"
EndProject
Project("{8BC9CEB8-8B4A-11D0-8D11-00A0C91BC942}") = "프린터", "프린터\프린터.vcxproj", "{068A8590-2793-4B10-BF83-115B66C6DE67}"
EndProject
Project("{8BC9CEB8-8B4A-11D0-8D11-00A0C91BC942}") = "쇠막대기", "쇠막대기\쇠막대기.vcxproj", "{E5396869-9E5C-455A-92E8-16FD091F3B5E}"
EndProject
Project("{8BC9CEB8-8B4A-11D0-8D11-00A0C91BC942}") = "주식가격", "주식가격\주식가격.vcxproj", "{BD99E21D-3EEA-408D-BF4B-825A8EA08512}"
EndProject
Project("{8BC9CEB8-8B4A-11D0-8D11-00A0C91BC942}") = "크레인_인형뽑기_게임", "크레인_인형뽑기_게임\크레인_인형뽑기_게임.vcxproj", "{D57166C9-52FD-46BF-99A9-AAD9241B7953}"
EndProject
Global
	GlobalSection(SolutionConfigurationPlatforms) = preSolution
		Debug|x64 = Debug|x64
		Debug|x86 = Debug|x86
		Release|x64 = Release|x64
		Release|x86 = Release|x86
	EndGlobalSection
	GlobalSection(ProjectConfigurationPlatforms) = postSolution
		{CD0CA165-C343-4416-A004-B96AC7EC0227}.Debug|x64.ActiveCfg = Debug|x64
		{CD0CA165-C343-4416-A004-B96AC7EC0227}.Debug|x64.Build.0 = Debug|x64
		{CD0CA165-C343-4416-A004-B96AC7EC0227}.Debug|x86.ActiveCfg = Debug|Win32
		{CD0CA165-C343-4416-A004-B96AC7EC0227}.Debug|x86.Build.0 = Debug|Win32
		{CD0CA165-C343-4416-A004-B96AC7EC0227}.Release|x64.ActiveCfg = Release|x64
		{CD0CA165-C343-4416-A004-B96AC7EC0227}.Release|x64.Build.0 = Release|x64
		{CD0CA165-C343-4416-A004-B96AC7EC0227}.Release|x86.ActiveCfg = Release|Win32
		{CD0CA165-C343-4416-A004-B96AC7EC0227}.Release|x86.Build.0 = Release|Win32
		{4F348006-7C4C-452D-9874-7727328F4382}.Debug|x64.ActiveCfg = Debug|x64
		{4F348006-7C4C-452D-9874-7727328F4382}.Debug|x64.Build.0 = Debug|x64
		{4F348006-7C4C-452D-9874-7727328F4382}.Debug|x86.ActiveCfg = Debug|Win32
		{4F348006-7C4C-452D-9874-7727328F4382}.Debug|x86.Build.0 = Debug|Win32
		{4F348006-7C4C-452D-9874-7727328F4382}.Release|x64.ActiveCfg = Release|x64
		{4F348006-7C4C-452D-9874-7727328F4382}.Release|x64.Build.0 = Release|x64
		{4F348006-7C4C-452D-9874-7727328F4382}.Release|x86.ActiveCfg = Release|Win32
		{4F348006-7C4C-452D-9874-7727328F4382}.Release|x86.Build.0 = Release|Win32
		{A0570114-FB91-441C-9ACA-EC997C67DE8F}.Debug|x64.ActiveCfg = Debug|x64
		{A0570114-FB91-441C-9ACA-EC997C67DE8F}.Debug|x64.Build.0 = Debug|x64
		{A0570114-FB91-441C-9ACA-EC997C67DE8F}.Debug|x86.ActiveCfg = Debug|Win32
		{A0570114-FB91-441C-9ACA-EC997C67DE8F}.Debug|x86.Build.0 = Debug|Win32
		{A0570114-FB91-441C-9ACA-EC997C67DE8F}.Release|x64.ActiveCfg = Release|x64
		{A0570114-FB91-441C-9ACA-EC997C67DE8F}.Release|x64.Build.0 = Release|x64
		{A0570114-FB91-441C-9ACA-EC997C67DE8F}.Release|x86.ActiveCfg = Release|Win32
		{A0570114-FB91-441C-9ACA-EC997C67DE8F}.Release|x86.Build.0 = Release|Win32
		{B43D8DA6-EFD7-4F1B-9C74-32F7436E85DF}.Debug|x64.ActiveCfg = Debug|x64
		{B43D8DA6-EFD7-4F1B-9C74-32F7436E85DF}.Debug|x64.Build.0 = Debug|x64
		{B43D8DA6-EFD7-4F1B-9C74-32F7436E85DF}.Debug|x86.ActiveCfg = Debug|Win32
		{B43D8DA6-EFD7-4F1B-9C74-32F7436E85DF}.Debug|x86.Build.0 = Debug|Win32
		{B43D8DA6-EFD7-4F1B-9C74-32F7436E85DF}.Release|x64.ActiveCfg = Release|x64
		{B43D8DA6-EFD7-4F1B-9C74-32F7436E85DF}.Release|x64.Build.0 = Release|x64
		{B43D8DA6-EFD7-4F1B-9C74-32F7436E85DF}.Release|x86.ActiveCfg = Release|Win32
		{B43D8DA6-EFD7-4F1B-9C74-32F7436E85DF}.Release|x86.Build.0 = Release|Win32
		{53242E07-EDBD-495D-8346-F0D7E44318CE}.Debug|x64.ActiveCfg = Debug|x64
		{53242E07-EDBD-495D-8346-F0D7E44318CE}.Debug|x64.Build.0 = Debug|x64
		{53242E07-EDBD-495D-8346-F0D7E44318CE}.Debug|x86.ActiveCfg = Debug|Win32
		{53242E07-EDBD-495D-8346-F0D7E44318CE}.Debug|x86.Build.0 = Debug|Win32
		{53242E07-EDBD-495D-8346-F0D7E44318CE}.Release|x64.ActiveCfg = Release|x64
		{53242E07-EDBD-495D-8346-F0D7E44318CE}.Release|x64.Build.0 = Release|x64
		{53242E07-EDBD-495D-8346-F0D7E44318CE}.Release|x86.ActiveCfg = Release|Win32
		{53242E07-EDBD-495D-8346-F0D7E44318CE}.Release|x86.Build.0 = Release|Win32
		{3AE96A76-E70C-4ECD-9FAD-E14CDF27B776}.Debug|x64.ActiveCfg = Debug|x64
		{3AE96A76-E70C-4ECD-9FAD-E14CDF27B776}.Debug|x64.Build.0 = Debug|x64
		{3AE96A76-E70C-4ECD-9FAD-E14CDF27B776}.Debug|x86.ActiveCfg = Debug|Win32
		{3AE96A76-E70C-4ECD-9FAD-E14CDF27B776}.Debug|x86.Build.0 = Debug|Win32
		{3AE96A76-E70C-4ECD-9FAD-E14CDF27B776}.Release|x64.ActiveCfg = Release|x64
		{3AE96A76-E70C-4ECD-9FAD-E14CDF27B776}.Release|x64.Build.0 = Release|x64
		{3AE96A76-E70C-4ECD-9FAD-E14CDF27B776}.Release|x86.ActiveCfg = Release|Win32
		{3AE96A76-E70C-4ECD-9FAD-E14CDF27B776}.Release|x86.Build.0 = Release|Win32
		{8B0AAC78-14B5-4C89-A270-EFE0ECE41F37}.Debug|x64.ActiveCfg = Debug|x64
		{8B0AAC78-14B5-4C89-A270-EFE0ECE41F37}.Debug|x64.Build.0 = Debug|x64
		{8B0AAC78-14B5-4C89-A270-EFE0ECE41F37}.Debug|x86.ActiveCfg = Debug|Win32
		{8B0AAC78-14B5-4C89-A270-EFE0ECE41F37}.Debug|x86.Build.0 = Debug|Win32
		{8B0AAC78-14B5-4C89-A270-EFE0ECE41F37}.Release|x64.ActiveCfg = Release|x64
		{8B0AAC78-14B5-4C89-A270-EFE0ECE41F37}.Release|x64.Build.0 = Release|x64
		{8B0AAC78-14B5-4C89-A270-EFE0ECE41F37}.Release|x86.ActiveCfg = Release|Win32
		{8B0AAC78-14B5-4C89-A270-EFE0ECE41F37}.Release|x86.Build.0 = Release|Win32
		{2DE84D9C-01D2-4309-9E46-ACD9A9A80549}.Debug|x64.ActiveCfg = Debug|x64
		{2DE84D9C-01D2-4309-9E46-ACD9A9A80549}.Debug|x64.Build.0 = Debug|x64
		{2DE84D9C-01D2-4309-9E46-ACD9A9A80549}.Debug|x86.ActiveCfg = Debug|Win32
		{2DE84D9C-01D2-4309-9E46-ACD9A9A80549}.Debug|x86.Build.0 = Debug|Win32
		{2DE84D9C-01D2-4309-9E46-ACD9A9A80549}.Release|x64.ActiveCfg = Release|x64
		{2DE84D9C-01D2-4309-9E46-ACD9A9A80549}.Release|x64.Build.0 = Release|x64
		{2DE84D9C-01D2-4309-9E46-ACD9A9A80549}.Release|x86.ActiveCfg = Release|Win32
		{2DE84D9C-01D2-4309-9E46-ACD9A9A80549}.Release|x86.Build.0 = Release|Win32
		{24D9ECBC-49AC-421F-8470-7786E781B088}.Debug|x64.ActiveCfg = Debug|x64
		{24D9ECBC-49AC-421F-8470-7786E781B088}.Debug|x64.Build.0 = Debug|x64
		{24D9ECBC-49AC-421F-8470-7786E781B088}.Debug|x86.ActiveCfg = Debug|Win32
		{24D9ECBC-49AC-421F-8470-7786E781B088}.Debug|x86.Build.0 = Debug|Win32
		{24D9ECBC-49AC-421F-8470-7786E781B088}.Release|x64.ActiveCfg = Release|x64
		{24D9ECBC-49AC-421F-8470-7786E781B088}.Release|x64.Build.0 = Release|x64
		{24D9ECBC-49AC-421F-8470-7786E781B088}.Release|x86.ActiveCfg = Release|Win32
		{24D9ECBC-49AC-421F-8470-7786E781B088}.Release|x86.Build.0 = Release|Win32
		{4EF546F3-6945-422D-B13C-8C0A799B9C66}.Debug|x64.ActiveCfg = Debug|x64
		{4EF546F3-6945-422D-B13C-8C0A799B9C66}.Debug|x64.Build.0 = Debug|x64
		{4EF546F3-6945-422D-B13C-8C0A799B9C66}.Debug|x86.ActiveCfg = Debug|Win32
		{4EF546F3-6945-422D-B13C-8C0A799B9C66}.Debug|x86.Build.0 = Debug|Win32
		{4EF546F3-6945-422D-B13C-8C0A799B9C66}.Release|x64.ActiveCfg = Release|x64
		{4EF546F3-6945-422D-B13C-8C0A799B9C66}.Release|x64.Build.0 = Release|x64
		{4EF546F3-6945-422D-B13C-8C0A799B9C66}.Release|x86.ActiveCfg = Release|Win32
		{4EF546F3-6945-422D-B13C-8C0A799B9C66}.Release|x86.Build.0 = Release|Win32
		{ED09252F-D187-4C9D-8C36-D3904E6FEA0D}.Debug|x64.ActiveCfg = Debug|x64
		{ED09252F-D187-4C9D-8C36-D3904E6FEA0D}.Debug|x64.Build.0 = Debug|x64
		{ED09252F-D187-4C9D-8C36-D3904E6FEA0D}.Debug|x86.ActiveCfg = Debug|Win32
		{ED09252F-D187-4C9D-8C36-D3904E6FEA0D}.Debug|x86.Build.0 = Debug|Win32
		{ED09252F-D187-4C9D-8C36-D3904E6FEA0D}.Release|x64.ActiveCfg = Release|x64
		{ED09252F-D187-4C9D-8C36-D3904E6FEA0D}.Release|x64.Build.0 = Release|x64
		{ED09252F-D187-4C9D-8C36-D3904E6FEA0D}.Release|x86.ActiveCfg = Release|Win32
		{ED09252F-D187-4C9D-8C36-D3904E6FEA0D}.Release|x86.Build.0 = Release|Win32
		{1839DB88-E25A-4C43-9C28-6E7F54F0AB7D}.Debug|x64.ActiveCfg = Debug|x64
		{1839DB88-E25A-4C43-9C28-6E7F54F0AB7D}.Debug|x64.Build.0 = Debug|x64
		{1839DB88-E25A-4C43-9C28-6E7F54F0AB7D}.Debug|x86.ActiveCfg = Debug|Win32
		{1839DB88-E25A-4C43-9C28-6E7F54F0AB7D}.Debug|x86.Build.0 = Debug|Win32
		{1839DB88-E25A-4C43-9C28-6E7F54F0AB7D}.Release|x64.ActiveCfg = Release|x64
		{1839DB88-E25A-4C43-9C28-6E7F54F0AB7D}.Release|x64.Build.0 = Release|x64
		{1839DB88-E25A-4C43-9C28-6E7F54F0AB7D}.Release|x86.ActiveCfg = Release|Win32
		{1839DB88-E25A-4C43-9C28-6E7F54F0AB7D}.Release|x86.Build.0 = Release|Win32
		{B3D76221-7A3F-4145-9E3B-618C596A8444}.Debug|x64.ActiveCfg = Debug|x64
		{B3D76221-7A3F-4145-9E3B-618C596A8444}.Debug|x64.Build.0 = Debug|x64
		{B3D76221-7A3F-4145-9E3B-618C596A8444}.Debug|x86.ActiveCfg = Debug|Win32
		{B3D76221-7A3F-4145-9E3B-618C596A8444}.Debug|x86.Build.0 = Debug|Win32
		{B3D76221-7A3F-4145-9E3B-618C596A8444}.Release|x64.ActiveCfg = Release|x64
		{B3D76221-7A3F-4145-9E3B-618C596A8444}.Release|x64.Build.0 = Release|x64
		{B3D76221-7A3F-4145-9E3B-618C596A8444}.Release|x86.ActiveCfg = Release|Win32
		{B3D76221-7A3F-4145-9E3B-618C596A8444}.Release|x86.Build.0 = Release|Win32
		{39E59E30-932B-4BD6-B4CC-D05AA2A175D7}.Debug|x64.ActiveCfg = Debug|x64
		{39E59E30-932B-4BD6-B4CC-D05AA2A175D7}.Debug|x64.Build.0 = Debug|x64
		{39E59E30-932B-4BD6-B4CC-D05AA2A175D7}.Debug|x86.ActiveCfg = Debug|Win32
		{39E59E30-932B-4BD6-B4CC-D05AA2A175D7}.Debug|x86.Build.0 = Debug|Win32
		{39E59E30-932B-4BD6-B4CC-D05AA2A175D7}.Release|x64.ActiveCfg = Release|x64
		{39E59E30-932B-4BD6-B4CC-D05AA2A175D7}.Release|x64.Build.0 = Release|x64
		{39E59E30-932B-4BD6-B4CC-D05AA2A175D7}.Release|x86.ActiveCfg = Release|Win32
		{39E59E30-932B-4BD6-B4CC-D05AA2A175D7}.Release|x86.Build.0 = Release|Win32
		{86856D3B-885B-4001-8D07-99120D63DDFD}.Debug|x64.ActiveCfg = Debug|x64
		{86856D3B-885B-4001-8D07-99120D63DDFD}.Debug|x64.Build.0 = Debug|x64
		{86856D3B-885B-4001-8D07-99120D63DDFD}.Debug|x86.ActiveCfg = Debug|Win32
		{86856D3B-885B-4001-8D07-99120D63DDFD}.Debug|x86.Build.0 = Debug|Win32
		{86856D3B-885B-4001-8D07-99120D63DDFD}.Release|x64.ActiveCfg = Release|x64
		{86856D3B-885B-4001-8D07-99120D63DDFD}.Release|x64.Build.0 = Release|x64
		{86856D3B-885B-4001-8D07-99120D63DDFD}.Release|x86.ActiveCfg = Release|Win32
		{86856D3B-885B-4001-8D07-99120D63DDFD}.Release|x86.Build.0 = Release|Win32
		{4847CCB5-488A-460E-88B1-0E97C590B7E6}.Debug|x64.ActiveCfg = Debug|x64
		{4847CCB5-488A-460E-88B1-0E97C590B7E6}.Debug|x64.Build.0 = Debug|x64
		{4847CCB5-488A-460E-88B1-0E97C590B7E6}.Debug|x86.ActiveCfg = Debug|Win32
		{4847CCB5-488A-460E-88B1-0E97C590B7E6}.Debug|x86.Build.0 = Debug|Win32
		{4847CCB5-488A-460E-88B1-0E97C590B7E6}.Release|x64.ActiveCfg = Release|x64
		{4847CCB5-488A-460E-88B1-0E97C590B7E6}.Release|x64.Build.0 = Release|x64
		{4847CCB5-488A-460E-88B1-0E97C590B7E6}.Release|x86.ActiveCfg = Release|Win32
		{4847CCB5-488A-460E-88B1-0E97C590B7E6}.Release|x86.Build.0 = Release|Win32
		{B6445F12-ED79-42BC-9689-F4861DBF764F}.Debug|x64.ActiveCfg = Debug|x64
		{B6445F12-ED79-42BC-9689-F4861DBF764F}.Debug|x64.Build.0 = Debug|x64
		{B6445F12-ED79-42BC-9689-F4861DBF764F}.Debug|x86.ActiveCfg = Debug|Win32
		{B6445F12-ED79-42BC-9689-F4861DBF764F}.Debug|x86.Build.0 = Debug|Win32
		{B6445F12-ED79-42BC-9689-F4861DBF764F}.Release|x64.ActiveCfg = Release|x64
		{B6445F12-ED79-42BC-9689-F4861DBF764F}.Release|x64.Build.0 = Release|x64
		{B6445F12-ED79-42BC-9689-F4861DBF764F}.Release|x86.ActiveCfg = Release|Win32
		{B6445F12-ED79-42BC-9689-F4861DBF764F}.Release|x86.Build.0 = Release|Win32
		{62DAF7BE-B09E-4EC0-BC02-D80E95A1A77D}.Debug|x64.ActiveCfg = Debug|x64
		{62DAF7BE-B09E-4EC0-BC02-D80E95A1A77D}.Debug|x64.Build.0 = Debug|x64
		{62DAF7BE-B09E-4EC0-BC02-D80E95A1A77D}.Debug|x86.ActiveCfg = Debug|Win32
		{62DAF7BE-B09E-4EC0-BC02-D80E95A1A77D}.Debug|x86.Build.0 = Debug|Win32
		{62DAF7BE-B09E-4EC0-BC02-D80E95A1A77D}.Release|x64.ActiveCfg = Release|x64
		{62DAF7BE-B09E-4EC0-BC02-D80E95A1A77D}.Release|x64.Build.0 = Release|x64
		{62DAF7BE-B09E-4EC0-BC02-D80E95A1A77D}.Release|x86.ActiveCfg = Release|Win32
		{62DAF7BE-B09E-4EC0-BC02-D80E95A1A77D}.Release|x86.Build.0 = Release|Win32
		{6E2FF84C-6CE9-4BBB-B82B-D5AE7BE6EEBD}.Debug|x64.ActiveCfg = Debug|x64
		{6E2FF84C-6CE9-4BBB-B82B-D5AE7BE6EEBD}.Debug|x64.Build.0 = Debug|x64
		{6E2FF84C-6CE9-4BBB-B82B-D5AE7BE6EEBD}.Debug|x86.ActiveCfg = Debug|Win32
		{6E2FF84C-6CE9-4BBB-B82B-D5AE7BE6EEBD}.Debug|x86.Build.0 = Debug|Win32
		{6E2FF84C-6CE9-4BBB-B82B-D5AE7BE6EEBD}.Release|x64.ActiveCfg = Release|x64
		{6E2FF84C-6CE9-4BBB-B82B-D5AE7BE6EEBD}.Release|x64.Build.0 = Release|x64
		{6E2FF84C-6CE9-4BBB-B82B-D5AE7BE6EEBD}.Release|x86.ActiveCfg = Release|Win32
		{6E2FF84C-6CE9-4BBB-B82B-D5AE7BE6EEBD}.Release|x86.Build.0 = Release|Win32
		{2C0319FB-C854-49A3-B2FC-00CADB534E19}.Debug|x64.ActiveCfg = Debug|x64
		{2C0319FB-C854-49A3-B2FC-00CADB534E19}.Debug|x64.Build.0 = Debug|x64
		{2C0319FB-C854-49A3-B2FC-00CADB534E19}.Debug|x86.ActiveCfg = Debug|Win32
		{2C0319FB-C854-49A3-B2FC-00CADB534E19}.Debug|x86.Build.0 = Debug|Win32
		{2C0319FB-C854-49A3-B2FC-00CADB534E19}.Release|x64.ActiveCfg = Release|x64
		{2C0319FB-C854-49A3-B2FC-00CADB534E19}.Release|x64.Build.0 = Release|x64
		{2C0319FB-C854-49A3-B2FC-00CADB534E19}.Release|x86.ActiveCfg = Release|Win32
		{2C0319FB-C854-49A3-B2FC-00CADB534E19}.Release|x86.Build.0 = Release|Win32
		{E47D7D23-8EDF-438D-B2D0-67B37697FF85}.Debug|x64.ActiveCfg = Debug|x64
		{E47D7D23-8EDF-438D-B2D0-67B37697FF85}.Debug|x64.Build.0 = Debug|x64
		{E47D7D23-8EDF-438D-B2D0-67B37697FF85}.Debug|x86.ActiveCfg = Debug|Win32
		{E47D7D23-8EDF-438D-B2D0-67B37697FF85}.Debug|x86.Build.0 = Debug|Win32
		{E47D7D23-8EDF-438D-B2D0-67B37697FF85}.Release|x64.ActiveCfg = Release|x64
		{E47D7D23-8EDF-438D-B2D0-67B37697FF85}.Release|x64.Build.0 = Release|x64
		{E47D7D23-8EDF-438D-B2D0-67B37697FF85}.Release|x86.ActiveCfg = Release|Win32
		{E47D7D23-8EDF-438D-B2D0-67B37697FF85}.Release|x86.Build.0 = Release|Win32
		{993DBD34-31DB-47B2-87E6-8BC915A465B8}.Debug|x64.ActiveCfg = Debug|x64
		{993DBD34-31DB-47B2-87E6-8BC915A465B8}.Debug|x64.Build.0 = Debug|x64
		{993DBD34-31DB-47B2-87E6-8BC915A465B8}.Debug|x86.ActiveCfg = Debug|Win32
		{993DBD34-31DB-47B2-87E6-8BC915A465B8}.Debug|x86.Build.0 = Debug|Win32
		{993DBD34-31DB-47B2-87E6-8BC915A465B8}.Release|x64.ActiveCfg = Release|x64
		{993DBD34-31DB-47B2-87E6-8BC915A465B8}.Release|x64.Build.0 = Release|x64
		{993DBD34-31DB-47B2-87E6-8BC915A465B8}.Release|x86.ActiveCfg = Release|Win32
		{993DBD34-31DB-47B2-87E6-8BC915A465B8}.Release|x86.Build.0 = Release|Win32
		{963D1F5E-66B5-4035-93FB-D30F07E67BAD}.Debug|x64.ActiveCfg = Debug|x64
		{963D1F5E-66B5-4035-93FB-D30F07E67BAD}.Debug|x64.Build.0 = Debug|x64
		{963D1F5E-66B5-4035-93FB-D30F07E67BAD}.Debug|x86.ActiveCfg = Debug|Win32
		{963D1F5E-66B5-4035-93FB-D30F07E67BAD}.Debug|x86.Build.0 = Debug|Win32
		{963D1F5E-66B5-4035-93FB-D30F07E67BAD}.Release|x64.ActiveCfg = Release|x64
		{963D1F5E-66B5-4035-93FB-D30F07E67BAD}.Release|x64.Build.0 = Release|x64
		{963D1F5E-66B5-4035-93FB-D30F07E67BAD}.Release|x86.ActiveCfg = Release|Win32
		{963D1F5E-66B5-4035-93FB-D30F07E67BAD}.Release|x86.Build.0 = Release|Win32
		{536AD410-9AB2-437A-AE44-AEF754535740}.Debug|x64.ActiveCfg = Debug|x64
		{536AD410-9AB2-437A-AE44-AEF754535740}.Debug|x64.Build.0 = Debug|x64
		{536AD410-9AB2-437A-AE44-AEF754535740}.Debug|x86.ActiveCfg = Debug|Win32
		{536AD410-9AB2-437A-AE44-AEF754535740}.Debug|x86.Build.0 = Debug|Win32
		{536AD410-9AB2-437A-AE44-AEF754535740}.Release|x64.ActiveCfg = Release|x64
		{536AD410-9AB2-437A-AE44-AEF754535740}.Release|x64.Build.0 = Release|x64
		{536AD410-9AB2-437A-AE44-AEF754535740}.Release|x86.ActiveCfg = Release|Win32
		{536AD410-9AB2-437A-AE44-AEF754535740}.Release|x86.Build.0 = Release|Win32
		{B17ADA22-517B-47DD-9491-42C27184A59A}.Debug|x64.ActiveCfg = Debug|x64
		{B17ADA22-517B-47DD-9491-42C27184A59A}.Debug|x64.Build.0 = Debug|x64
		{B17ADA22-517B-47DD-9491-42C27184A59A}.Debug|x86.ActiveCfg = Debug|Win32
		{B17ADA22-517B-47DD-9491-42C27184A59A}.Debug|x86.Build.0 = Debug|Win32
		{B17ADA22-517B-47DD-9491-42C27184A59A}.Release|x64.ActiveCfg = Release|x64
		{B17ADA22-517B-47DD-9491-42C27184A59A}.Release|x64.Build.0 = Release|x64
		{B17ADA22-517B-47DD-9491-42C27184A59A}.Release|x86.ActiveCfg = Release|Win32
		{B17ADA22-517B-47DD-9491-42C27184A59A}.Release|x86.Build.0 = Release|Win32
		{068A8590-2793-4B10-BF83-115B66C6DE67}.Debug|x64.ActiveCfg = Debug|x64
		{068A8590-2793-4B10-BF83-115B66C6DE67}.Debug|x64.Build.0 = Debug|x64
		{068A8590-2793-4B10-BF83-115B66C6DE67}.Debug|x86.ActiveCfg = Debug|Win32
		{068A8590-2793-4B10-BF83-115B66C6DE67}.Debug|x86.Build.0 = Debug|Win32
		{068A8590-2793-4B10-BF83-115B66C6DE67}.Release|x64.ActiveCfg = Release|x64
		{068A8590-2793-4B10-BF83-115B66C6DE67}.Release|x64.Build.0 = Release|x64
		{068A8590-2793-4B10-BF83-115B66C6DE67}.Release|x86.ActiveCfg = Release|Win32
		{068A8590-2793-4B10-BF83-115B66C6DE67}.Release|x86.Build.0 = Release|Win32
		{E5396869-9E5C-455A-92E8-16FD091F3B5E}.Debug|x64.ActiveCfg = Debug|x64
		{E5396869-9E5C-455A-92E8-16FD091F3B5E}.Debug|x64.Build.0 = Debug|x64
		{E5396869-9E5C-455A-92E8-16FD091F3B5E}.Debug|x86.ActiveCfg = Debug|Win32
		{E5396869-9E5C-455A-92E8-16FD091F3B5E}.Debug|x86.Build.0 = Debug|Win32
		{E5396869-9E5C-455A-92E8-16FD091F3B5E}.Release|x64.ActiveCfg = Release|x64
		{E5396869-9E5C-455A-92E8-16FD091F3B5E}.Release|x64.Build.0 = Release|x64
		{E5396869-9E5C-455A-92E8-16FD091F3B5E}.Release|x86.ActiveCfg = Release|Win32
		{E5396869-9E5C-455A-92E8-16FD091F3B5E}.Release|x86.Build.0 = Release|Win32
		{BD99E21D-3EEA-408D-BF4B-825A8EA08512}.Debug|x64.ActiveCfg = Debug|x64
		{BD99E21D-3EEA-408D-BF4B-825A8EA08512}.Debug|x64.Build.0 = Debug|x64
		{BD99E21D-3EEA-408D-BF4B-825A8EA08512}.Debug|x86.ActiveCfg = Debug|Win32
		{BD99E21D-3EEA-408D-BF4B-825A8EA08512}.Debug|x86.Build.0 = Debug|Win32
		{BD99E21D-3EEA-408D-BF4B-825A8EA08512}.Release|x64.ActiveCfg = Release|x64
		{BD99E21D-3EEA-408D-BF4B-825A8EA08512}.Release|x64.Build.0 = Release|x64
		{BD99E21D-3EEA-408D-BF4B-825A8EA08512}.Release|x86.ActiveCfg = Release|Win32
		{BD99E21D-3EEA-408D-BF4B-825A8EA08512}.Release|x86.Build.0 = Release|Win32
		{D57166C9-52FD-46BF-99A9-AAD9241B7953}.Debug|x64.ActiveCfg = Debug|x64
		{D57166C9-52FD-46BF-99A9-AAD9241B7953}.Debug|x64.Build.0 = Debug|x64
		{D57166C9-52FD-46BF-99A9-AAD9241B7953}.Debug|x86.ActiveCfg = Debug|Win32
		{D57166C9-52FD-46BF-99A9-AAD9241B7953}.Debug|x86.Build.0 = Debug|Win32
		{D57166C9-52FD-46BF-99A9-AAD9241B7953}.Release|x64.ActiveCfg = Release|x64
		{D57166C9-52FD-46BF-99A9-AAD9241B7953}.Release|x64.Build.0 = Release|x64
		{D57166C9-52FD-46BF-99A9-AAD9241B7953}.Release|x86.ActiveCfg = Release|Win32
		{D57166C9-52FD-46BF-99A9-AAD9241B7953}.Release|x86.Build.0 = Release|Win32
	EndGlobalSection
	GlobalSection(SolutionProperties) = preSolution
		HideSolutionNode = FALSE
	EndGlobalSection
	GlobalSection(NestedProjects) = preSolution
		{CD0CA165-C343-4416-A004-B96AC7EC0227} = {9CFF1DC4-5CC0-4718-93DA-59FF89491842}
		{4F348006-7C4C-452D-9874-7727328F4382} = {9CFF1DC4-5CC0-4718-93DA-59FF89491842}
		{A0570114-FB91-441C-9ACA-EC997C67DE8F} = {9CFF1DC4-5CC0-4718-93DA-59FF89491842}
		{B43D8DA6-EFD7-4F1B-9C74-32F7436E85DF} = {9CFF1DC4-5CC0-4718-93DA-59FF89491842}
		{53242E07-EDBD-495D-8346-F0D7E44318CE} = {9CFF1DC4-5CC0-4718-93DA-59FF89491842}
		{3AE96A76-E70C-4ECD-9FAD-E14CDF27B776} = {12C939AC-07A7-4297-BBB5-046D671E9E2A}
		{8B0AAC78-14B5-4C89-A270-EFE0ECE41F37} = {9CFF1DC4-5CC0-4718-93DA-59FF89491842}
		{2DE84D9C-01D2-4309-9E46-ACD9A9A80549} = {9CFF1DC4-5CC0-4718-93DA-59FF89491842}
		{24D9ECBC-49AC-421F-8470-7786E781B088} = {9CFF1DC4-5CC0-4718-93DA-59FF89491842}
		{4EF546F3-6945-422D-B13C-8C0A799B9C66} = {9CFF1DC4-5CC0-4718-93DA-59FF89491842}
		{ED09252F-D187-4C9D-8C36-D3904E6FEA0D} = {12C939AC-07A7-4297-BBB5-046D671E9E2A}
		{1839DB88-E25A-4C43-9C28-6E7F54F0AB7D} = {9CFF1DC4-5CC0-4718-93DA-59FF89491842}
		{B3D76221-7A3F-4145-9E3B-618C596A8444} = {9CFF1DC4-5CC0-4718-93DA-59FF89491842}
		{39E59E30-932B-4BD6-B4CC-D05AA2A175D7} = {9CFF1DC4-5CC0-4718-93DA-59FF89491842}
		{86856D3B-885B-4001-8D07-99120D63DDFD} = {9CFF1DC4-5CC0-4718-93DA-59FF89491842}
		{4847CCB5-488A-460E-88B1-0E97C590B7E6} = {9CFF1DC4-5CC0-4718-93DA-59FF89491842}
		{B6445F12-ED79-42BC-9689-F4861DBF764F} = {9CFF1DC4-5CC0-4718-93DA-59FF89491842}
		{62DAF7BE-B09E-4EC0-BC02-D80E95A1A77D} = {9CFF1DC4-5CC0-4718-93DA-59FF89491842}
		{6E2FF84C-6CE9-4BBB-B82B-D5AE7BE6EEBD} = {9CFF1DC4-5CC0-4718-93DA-59FF89491842}
		{2C0319FB-C854-49A3-B2FC-00CADB534E19} = {12C939AC-07A7-4297-BBB5-046D671E9E2A}
		{E47D7D23-8EDF-438D-B2D0-67B37697FF85} = {06F866F0-DF56-4FFB-B83B-A509D7AE014A}
		{993DBD34-31DB-47B2-87E6-8BC915A465B8} = {9CFF1DC4-5CC0-4718-93DA-59FF89491842}
		{963D1F5E-66B5-4035-93FB-D30F07E67BAD} = {12C939AC-07A7-4297-BBB5-046D671E9E2A}
		{536AD410-9AB2-437A-AE44-AEF754535740} = {12C939AC-07A7-4297-BBB5-046D671E9E2A}
		{B17ADA22-517B-47DD-9491-42C27184A59A} = {12C939AC-07A7-4297-BBB5-046D671E9E2A}
		{068A8590-2793-4B10-BF83-115B66C6DE67} = {12C939AC-07A7-4297-BBB5-046D671E9E2A}
		{E5396869-9E5C-455A-92E8-16FD091F3B5E} = {12C939AC-07A7-4297-BBB5-046D671E9E2A}
		{BD99E21D-3EEA-408D-BF4B-825A8EA08512} = {12C939AC-07A7-4297-BBB5-046D671E9E2A}
		{D57166C9-52FD-46BF-99A9-AAD9241B7953} = {9CFF1DC4-5CC0-4718-93DA-59FF89491842}
	EndGlobalSection
	GlobalSection(ExtensibilityGlobals) = postSolution
		SolutionGuid = {CA74021E-CF00-4814-A39A-44A920BAA9CB}
	EndGlobalSection
EndGlobal
